
Microsoft Visual Studio Solution File, Format Version 12.00
# Visual Studio 15
VisualStudioVersion = 15.0.27703.2035
MinimumVisualStudioVersion = 10.0.40219.1
Project("{FAE04EC0-301F-11D3-BF4B-00C04F79EFBC}") = "Practica", "Practica\Practica.csproj", "{B4D33FF0-2666-4846-8EBC-AA96E2ADF4C9}"
EndProject
Global
	GlobalSection(SolutionConfigurationPlatforms) = preSolution
		Debug|Any CPU = Debug|Any CPU
		Release|Any CPU = Release|Any CPU
	EndGlobalSection
	GlobalSection(ProjectConfigurationPlatforms) = postSolution
		{B4D33FF0-2666-4846-8EBC-AA96E2ADF4C9}.Debug|Any CPU.ActiveCfg = Debug|Any CPU
		{B4D33FF0-2666-4846-8EBC-AA96E2ADF4C9}.Debug|Any CPU.Build.0 = Debug|Any CPU
		{B4D33FF0-2666-4846-8EBC-AA96E2ADF4C9}.Release|Any CPU.ActiveCfg = Release|Any CPU
		{B4D33FF0-2666-4846-8EBC-AA96E2ADF4C9}.Release|Any CPU.Build.0 = Release|Any CPU
	EndGlobalSection
	GlobalSection(SolutionProperties) = preSolution
		HideSolutionNode = FALSE
	EndGlobalSection
	GlobalSection(ExtensibilityGlobals) = postSolution
		SolutionGuid = {745BFF98-C01B-4B98-A9DD-3B6C444327C0}
	EndGlobalSection
EndGlobal
